
Microsoft Visual Studio Solution File, Format Version 12.00
# Visual Studio 14
VisualStudioVersion = 14.0.25123.0
MinimumVisualStudioVersion = 10.0.40219.1
Project("{2150E333-8FDC-42A3-9474-1A3956D46DE8}") = "Application", "Application", "{B65709D9-95F8-4AAF-8863-9FAD6D14F704}"
EndProject
Project("{2150E333-8FDC-42A3-9474-1A3956D46DE8}") = "Tests", "Tests", "{ED646872-BB4B-476A-AAB9-46AF61BB4827}"
EndProject
Project("{FAE04EC0-301F-11D3-BF4B-00C04F79EFBC}") = "NumberParser.UI", "Application\NumberParser.UI\NumberParser.UI.csproj", "{0DFAEC30-3181-4C00-A163-31BC9DC96151}"
EndProject
Project("{FAE04EC0-301F-11D3-BF4B-00C04F79EFBC}") = "NumberParser.Business.Tests", "Tests\NumberParser.Business.Tests\NumberParser.Business.Tests.csproj", "{06BD22E5-33DE-4E66-903F-298CEC10F5F4}"
EndProject
Project("{FAE04EC0-301F-11D3-BF4B-00C04F79EFBC}") = "NumberParser.UI.Tests", "Tests\NumberParser.UI.Tests\NumberParser.UI.Tests.csproj", "{65C6CF1D-C7EC-4647-ADEC-055F6877C677}"
EndProject
Project("{FAE04EC0-301F-11D3-BF4B-00C04F79EFBC}") = "NumberParser.Data.Tests", "Tests\NumberParser.Data.Tests\NumberParser.Data.Tests.csproj", "{D65AF509-953A-4A96-89B8-6F3D31C46A87}"
EndProject
Project("{FAE04EC0-301F-11D3-BF4B-00C04F79EFBC}") = "NumberParser.Data", "Application\NumberParser.Data\NumberParser.Data.csproj", "{C47AF2F9-2E76-443E-8C55-B7FB416E2829}"
EndProject
Project("{FAE04EC0-301F-11D3-BF4B-00C04F79EFBC}") = "NumberParser.Business", "Application\NumberParser.Business\NumberParser.Business.csproj", "{FD8A2164-EAE4-4EA5-9CD7-9B85A194F29F}"
EndProject
Global
	GlobalSection(SolutionConfigurationPlatforms) = preSolution
		Debug|Any CPU = Debug|Any CPU
		Release|Any CPU = Release|Any CPU
	EndGlobalSection
	GlobalSection(ProjectConfigurationPlatforms) = postSolution
		{0DFAEC30-3181-4C00-A163-31BC9DC96151}.Debug|Any CPU.ActiveCfg = Debug|Any CPU
		{0DFAEC30-3181-4C00-A163-31BC9DC96151}.Debug|Any CPU.Build.0 = Debug|Any CPU
		{0DFAEC30-3181-4C00-A163-31BC9DC96151}.Release|Any CPU.ActiveCfg = Release|Any CPU
		{0DFAEC30-3181-4C00-A163-31BC9DC96151}.Release|Any CPU.Build.0 = Release|Any CPU
		{06BD22E5-33DE-4E66-903F-298CEC10F5F4}.Debug|Any CPU.ActiveCfg = Debug|Any CPU
		{06BD22E5-33DE-4E66-903F-298CEC10F5F4}.Debug|Any CPU.Build.0 = Debug|Any CPU
		{06BD22E5-33DE-4E66-903F-298CEC10F5F4}.Release|Any CPU.ActiveCfg = Release|Any CPU
		{06BD22E5-33DE-4E66-903F-298CEC10F5F4}.Release|Any CPU.Build.0 = Release|Any CPU
		{65C6CF1D-C7EC-4647-ADEC-055F6877C677}.Debug|Any CPU.ActiveCfg = Debug|Any CPU
		{65C6CF1D-C7EC-4647-ADEC-055F6877C677}.Debug|Any CPU.Build.0 = Debug|Any CPU
		{65C6CF1D-C7EC-4647-ADEC-055F6877C677}.Release|Any CPU.ActiveCfg = Release|Any CPU
		{65C6CF1D-C7EC-4647-ADEC-055F6877C677}.Release|Any CPU.Build.0 = Release|Any CPU
		{D65AF509-953A-4A96-89B8-6F3D31C46A87}.Debug|Any CPU.ActiveCfg = Debug|Any CPU
		{D65AF509-953A-4A96-89B8-6F3D31C46A87}.Debug|Any CPU.Build.0 = Debug|Any CPU
		{D65AF509-953A-4A96-89B8-6F3D31C46A87}.Release|Any CPU.ActiveCfg = Release|Any CPU
		{D65AF509-953A-4A96-89B8-6F3D31C46A87}.Release|Any CPU.Build.0 = Release|Any CPU
		{C47AF2F9-2E76-443E-8C55-B7FB416E2829}.Debug|Any CPU.ActiveCfg = Debug|Any CPU
		{C47AF2F9-2E76-443E-8C55-B7FB416E2829}.Debug|Any CPU.Build.0 = Debug|Any CPU
		{C47AF2F9-2E76-443E-8C55-B7FB416E2829}.Release|Any CPU.ActiveCfg = Release|Any CPU
		{C47AF2F9-2E76-443E-8C55-B7FB416E2829}.Release|Any CPU.Build.0 = Release|Any CPU
		{FD8A2164-EAE4-4EA5-9CD7-9B85A194F29F}.Debug|Any CPU.ActiveCfg = Debug|Any CPU
		{FD8A2164-EAE4-4EA5-9CD7-9B85A194F29F}.Debug|Any CPU.Build.0 = Debug|Any CPU
		{FD8A2164-EAE4-4EA5-9CD7-9B85A194F29F}.Release|Any CPU.ActiveCfg = Release|Any CPU
		{FD8A2164-EAE4-4EA5-9CD7-9B85A194F29F}.Release|Any CPU.Build.0 = Release|Any CPU
	EndGlobalSection
	GlobalSection(SolutionProperties) = preSolution
		HideSolutionNode = FALSE
	EndGlobalSection
	GlobalSection(NestedProjects) = preSolution
		{0DFAEC30-3181-4C00-A163-31BC9DC96151} = {B65709D9-95F8-4AAF-8863-9FAD6D14F704}
		{06BD22E5-33DE-4E66-903F-298CEC10F5F4} = {ED646872-BB4B-476A-AAB9-46AF61BB4827}
		{65C6CF1D-C7EC-4647-ADEC-055F6877C677} = {ED646872-BB4B-476A-AAB9-46AF61BB4827}
		{D65AF509-953A-4A96-89B8-6F3D31C46A87} = {ED646872-BB4B-476A-AAB9-46AF61BB4827}
		{C47AF2F9-2E76-443E-8C55-B7FB416E2829} = {B65709D9-95F8-4AAF-8863-9FAD6D14F704}
		{FD8A2164-EAE4-4EA5-9CD7-9B85A194F29F} = {B65709D9-95F8-4AAF-8863-9FAD6D14F704}
	EndGlobalSection
EndGlobal
